// !$*UTF8*$!
{
	archiveVersion = 1;
	classes = {
	};
	objectVersion = 55;
	objects = {

/* Begin PBXBuildFile section */
		4807B4982928E1D0005497B0 /* ServiceManager.swift in Sources */ = {isa = PBXBuildFile; fileRef = 4807B4972928E1D0005497B0 /* ServiceManager.swift */; };
		4807B49C2928E1FC005497B0 /* ServiceConstant.swift in Sources */ = {isa = PBXBuildFile; fileRef = 4807B49B2928E1FC005497B0 /* ServiceConstant.swift */; };
		4807B49E2928E257005497B0 /* Constant.swift in Sources */ = {isa = PBXBuildFile; fileRef = 4807B49D2928E257005497B0 /* Constant.swift */; };
		4807B4A02928E2BD005497B0 /* HomeViewModel.swift in Sources */ = {isa = PBXBuildFile; fileRef = 4807B49F2928E2BD005497B0 /* HomeViewModel.swift */; };
		4807B4A22928E2CA005497B0 /* MovieEntity.swift in Sources */ = {isa = PBXBuildFile; fileRef = 4807B4A12928E2CA005497B0 /* MovieEntity.swift */; };
		4807B4A42928E2D6005497B0 /* HomeModel.swift in Sources */ = {isa = PBXBuildFile; fileRef = 4807B4A32928E2D6005497B0 /* HomeModel.swift */; };
		4807B4A729290AAB005497B0 /* Alamofire in Frameworks */ = {isa = PBXBuildFile; productRef = 4807B4A629290AAB005497B0 /* Alamofire */; };
		4807B4A929292537005497B0 /* MovieTableViewCellEntity.swift in Sources */ = {isa = PBXBuildFile; fileRef = 4807B4A829292537005497B0 /* MovieTableViewCellEntity.swift */; };
		4807B4AD29292C70005497B0 /* Kingfisher in Frameworks */ = {isa = PBXBuildFile; productRef = 4807B4AC29292C70005497B0 /* Kingfisher */; };
		4807B4B029293624005497B0 /* MovieDetailViewController.swift in Sources */ = {isa = PBXBuildFile; fileRef = 4807B4AF29293624005497B0 /* MovieDetailViewController.swift */; };
		48477EDB292B698C00CF63C0 /* PushNotification.swift in Sources */ = {isa = PBXBuildFile; fileRef = 48477EDA292B698C00CF63C0 /* PushNotification.swift */; };
		48477EDD292B72C600CF63C0 /* FirebaseManager.swift in Sources */ = {isa = PBXBuildFile; fileRef = 48477EDC292B72C600CF63C0 /* FirebaseManager.swift */; };
		48477EE0292B805F00CF63C0 /* Lottie in Frameworks */ = {isa = PBXBuildFile; productRef = 48477EDF292B805F00CF63C0 /* Lottie */; };
		48477EE3292B98CA00CF63C0 /* Reachability in Frameworks */ = {isa = PBXBuildFile; productRef = 48477EE2292B98CA00CF63C0 /* Reachability */; };
		484CB582292A6D9700D37D19 /* SplashViewController.swift in Sources */ = {isa = PBXBuildFile; fileRef = 484CB581292A6D9700D37D19 /* SplashViewController.swift */; };
		484CB587292A6DCC00D37D19 /* SplashViewModel.swift in Sources */ = {isa = PBXBuildFile; fileRef = 484CB586292A6DCC00D37D19 /* SplashViewModel.swift */; };
		484CB589292A6DD800D37D19 /* SplashModel.swift in Sources */ = {isa = PBXBuildFile; fileRef = 484CB588292A6DD800D37D19 /* SplashModel.swift */; };
		4888E4AF292A7ECD00C1EE7D /* FirebaseAnalytics in Frameworks */ = {isa = PBXBuildFile; productRef = 4888E4AE292A7ECD00C1EE7D /* FirebaseAnalytics */; };
		4888E4B1292A7ECD00C1EE7D /* FirebaseMessaging in Frameworks */ = {isa = PBXBuildFile; productRef = 4888E4B0292A7ECD00C1EE7D /* FirebaseMessaging */; };
		4888E4B3292A7ECD00C1EE7D /* FirebaseRemoteConfig in Frameworks */ = {isa = PBXBuildFile; productRef = 4888E4B2292A7ECD00C1EE7D /* FirebaseRemoteConfig */; };
		4888E4B7292A917A00C1EE7D /* GoogleService-Info.plist in Resources */ = {isa = PBXBuildFile; fileRef = 4888E4B6292A917A00C1EE7D /* GoogleService-Info.plist */; };
		4888E4B9292ABE4500C1EE7D /* NetworkManager.swift in Sources */ = {isa = PBXBuildFile; fileRef = 4888E4B8292ABE4300C1EE7D /* NetworkManager.swift */; };
		488E84062928C67B00567D2B /* AppDelegate.swift in Sources */ = {isa = PBXBuildFile; fileRef = 488E84052928C67B00567D2B /* AppDelegate.swift */; };
		488E84082928C67B00567D2B /* SceneDelegate.swift in Sources */ = {isa = PBXBuildFile; fileRef = 488E84072928C67B00567D2B /* SceneDelegate.swift */; };
		488E840A2928C67B00567D2B /* HomeViewController.swift in Sources */ = {isa = PBXBuildFile; fileRef = 488E84092928C67B00567D2B /* HomeViewController.swift */; };
		488E840D2928C67B00567D2B /* Main.storyboard in Resources */ = {isa = PBXBuildFile; fileRef = 488E840B2928C67B00567D2B /* Main.storyboard */; };
		488E84122928C68300567D2B /* Assets.xcassets in Resources */ = {isa = PBXBuildFile; fileRef = 488E84112928C68300567D2B /* Assets.xcassets */; };
		488E84152928C68300567D2B /* LaunchScreen.storyboard in Resources */ = {isa = PBXBuildFile; fileRef = 488E84132928C68300567D2B /* LaunchScreen.storyboard */; };
		488E84512928D76B00567D2B /* MovieTableViewCell.swift in Sources */ = {isa = PBXBuildFile; fileRef = 488E844F2928D76B00567D2B /* MovieTableViewCell.swift */; };
		488E84522928D76B00567D2B /* MovieTableViewCell.xib in Resources */ = {isa = PBXBuildFile; fileRef = 488E84502928D76B00567D2B /* MovieTableViewCell.xib */; };
/* End PBXBuildFile section */

/* Begin PBXFileReference section */
		4807B4972928E1D0005497B0 /* ServiceManager.swift */ = {isa = PBXFileReference; lastKnownFileType = sourcecode.swift; path = ServiceManager.swift; sourceTree = "<group>"; };
		4807B49B2928E1FC005497B0 /* ServiceConstant.swift */ = {isa = PBXFileReference; lastKnownFileType = sourcecode.swift; path = ServiceConstant.swift; sourceTree = "<group>"; };
		4807B49D2928E257005497B0 /* Constant.swift */ = {isa = PBXFileReference; lastKnownFileType = sourcecode.swift; path = Constant.swift; sourceTree = "<group>"; };
		4807B49F2928E2BD005497B0 /* HomeViewModel.swift */ = {isa = PBXFileReference; lastKnownFileType = sourcecode.swift; path = HomeViewModel.swift; sourceTree = "<group>"; };
		4807B4A12928E2CA005497B0 /* MovieEntity.swift */ = {isa = PBXFileReference; lastKnownFileType = sourcecode.swift; path = MovieEntity.swift; sourceTree = "<group>"; };
		4807B4A32928E2D6005497B0 /* HomeModel.swift */ = {isa = PBXFileReference; lastKnownFileType = sourcecode.swift; path = HomeModel.swift; sourceTree = "<group>"; };
		4807B4A829292537005497B0 /* MovieTableViewCellEntity.swift */ = {isa = PBXFileReference; lastKnownFileType = sourcecode.swift; path = MovieTableViewCellEntity.swift; sourceTree = "<group>"; };
		4807B4AF29293624005497B0 /* MovieDetailViewController.swift */ = {isa = PBXFileReference; lastKnownFileType = sourcecode.swift; path = MovieDetailViewController.swift; sourceTree = "<group>"; };
		48477EDA292B698C00CF63C0 /* PushNotification.swift */ = {isa = PBXFileReference; lastKnownFileType = sourcecode.swift; path = PushNotification.swift; sourceTree = "<group>"; };
		48477EDC292B72C600CF63C0 /* FirebaseManager.swift */ = {isa = PBXFileReference; lastKnownFileType = sourcecode.swift; path = FirebaseManager.swift; sourceTree = "<group>"; };
		484CB581292A6D9700D37D19 /* SplashViewController.swift */ = {isa = PBXFileReference; lastKnownFileType = sourcecode.swift; path = SplashViewController.swift; sourceTree = "<group>"; };
		484CB586292A6DCC00D37D19 /* SplashViewModel.swift */ = {isa = PBXFileReference; lastKnownFileType = sourcecode.swift; path = SplashViewModel.swift; sourceTree = "<group>"; };
		484CB588292A6DD800D37D19 /* SplashModel.swift */ = {isa = PBXFileReference; lastKnownFileType = sourcecode.swift; path = SplashModel.swift; sourceTree = "<group>"; };
		4888E4B6292A917A00C1EE7D /* GoogleService-Info.plist */ = {isa = PBXFileReference; fileEncoding = 4; lastKnownFileType = text.plist.xml; path = "GoogleService-Info.plist"; sourceTree = "<group>"; };
		4888E4B8292ABE4300C1EE7D /* NetworkManager.swift */ = {isa = PBXFileReference; lastKnownFileType = sourcecode.swift; path = NetworkManager.swift; sourceTree = "<group>"; };
		488E84022928C67B00567D2B /* MovieApp.app */ = {isa = PBXFileReference; explicitFileType = wrapper.application; includeInIndex = 0; path = MovieApp.app; sourceTree = BUILT_PRODUCTS_DIR; };
		488E84052928C67B00567D2B /* AppDelegate.swift */ = {isa = PBXFileReference; lastKnownFileType = sourcecode.swift; path = AppDelegate.swift; sourceTree = "<group>"; };
		488E84072928C67B00567D2B /* SceneDelegate.swift */ = {isa = PBXFileReference; lastKnownFileType = sourcecode.swift; path = SceneDelegate.swift; sourceTree = "<group>"; };
		488E84092928C67B00567D2B /* HomeViewController.swift */ = {isa = PBXFileReference; lastKnownFileType = sourcecode.swift; path = HomeViewController.swift; sourceTree = "<group>"; };
		488E840C2928C67B00567D2B /* Base */ = {isa = PBXFileReference; lastKnownFileType = file.storyboard; name = Base; path = Base.lproj/Main.storyboard; sourceTree = "<group>"; };
		488E84112928C68300567D2B /* Assets.xcassets */ = {isa = PBXFileReference; lastKnownFileType = folder.assetcatalog; path = Assets.xcassets; sourceTree = "<group>"; };
		488E84142928C68300567D2B /* Base */ = {isa = PBXFileReference; lastKnownFileType = file.storyboard; name = Base; path = Base.lproj/LaunchScreen.storyboard; sourceTree = "<group>"; };
		488E84162928C68300567D2B /* Info.plist */ = {isa = PBXFileReference; lastKnownFileType = text.plist.xml; path = Info.plist; sourceTree = "<group>"; };
		488E844F2928D76B00567D2B /* MovieTableViewCell.swift */ = {isa = PBXFileReference; lastKnownFileType = sourcecode.swift; path = MovieTableViewCell.swift; sourceTree = "<group>"; };
		488E84502928D76B00567D2B /* MovieTableViewCell.xib */ = {isa = PBXFileReference; lastKnownFileType = file.xib; path = MovieTableViewCell.xib; sourceTree = "<group>"; };
/* End PBXFileReference section */

/* Begin PBXFrameworksBuildPhase section */
		488E83FF2928C67B00567D2B /* Frameworks */ = {
			isa = PBXFrameworksBuildPhase;
			buildActionMask = 2147483647;
			files = (
				4888E4B1292A7ECD00C1EE7D /* FirebaseMessaging in Frameworks */,
				48477EE3292B98CA00CF63C0 /* Reachability in Frameworks */,
				4807B4AD29292C70005497B0 /* Kingfisher in Frameworks */,
				4807B4A729290AAB005497B0 /* Alamofire in Frameworks */,
				4888E4AF292A7ECD00C1EE7D /* FirebaseAnalytics in Frameworks */,
				4888E4B3292A7ECD00C1EE7D /* FirebaseRemoteConfig in Frameworks */,
				48477EE0292B805F00CF63C0 /* Lottie in Frameworks */,
			);
			runOnlyForDeploymentPostprocessing = 0;
		};
/* End PBXFrameworksBuildPhase section */

/* Begin PBXGroup section */
		4807B4952928E17F005497B0 /* Manager */ = {
			isa = PBXGroup;
			children = (
				4807B4972928E1D0005497B0 /* ServiceManager.swift */,
				4888E4B8292ABE4300C1EE7D /* NetworkManager.swift */,
			);
			path = Manager;
			sourceTree = "<group>";
		};
		4807B4992928E1E0005497B0 /* Constant */ = {
			isa = PBXGroup;
			children = (
				4807B49D2928E257005497B0 /* Constant.swift */,
				4807B49B2928E1FC005497B0 /* ServiceConstant.swift */,
			);
			path = Constant;
			sourceTree = "<group>";
		};
		4807B4AA29292542005497B0 /* Entity */ = {
			isa = PBXGroup;
			children = (
				4807B4A12928E2CA005497B0 /* MovieEntity.swift */,
				4807B4A829292537005497B0 /* MovieTableViewCellEntity.swift */,
			);
			path = Entity;
			sourceTree = "<group>";
		};
		48477ED9292B696800CF63C0 /* Firebase */ = {
			isa = PBXGroup;
			children = (
				48477EDC292B72C600CF63C0 /* FirebaseManager.swift */,
				48477EDA292B698C00CF63C0 /* PushNotification.swift */,
			);
			path = Firebase;
			sourceTree = "<group>";
		};
		484CB580292A6D6A00D37D19 /* Splash */ = {
			isa = PBXGroup;
			children = (
				484CB583292A6DA100D37D19 /* Model */,
				484CB585292A6DB500D37D19 /* View */,
				484CB584292A6DAC00D37D19 /* ViewModel */,
			);
			path = Splash;
			sourceTree = "<group>";
		};
		484CB583292A6DA100D37D19 /* Model */ = {
			isa = PBXGroup;
			children = (
				484CB588292A6DD800D37D19 /* SplashModel.swift */,
			);
			path = Model;
			sourceTree = "<group>";
		};
		484CB584292A6DAC00D37D19 /* ViewModel */ = {
			isa = PBXGroup;
			children = (
				484CB586292A6DCC00D37D19 /* SplashViewModel.swift */,
			);
			path = ViewModel;
			sourceTree = "<group>";
		};
		484CB585292A6DB500D37D19 /* View */ = {
			isa = PBXGroup;
			children = (
				484CB581292A6D9700D37D19 /* SplashViewController.swift */,
			);
			path = View;
			sourceTree = "<group>";
		};
		488E83F92928C67A00567D2B = {
			isa = PBXGroup;
			children = (
				488E84042928C67B00567D2B /* MovieApp */,
				488E84032928C67B00567D2B /* Products */,
			);
			sourceTree = "<group>";
		};
		488E84032928C67B00567D2B /* Products */ = {
			isa = PBXGroup;
			children = (
				488E84022928C67B00567D2B /* MovieApp.app */,
			);
			name = Products;
			sourceTree = "<group>";
		};
		488E84042928C67B00567D2B /* MovieApp */ = {
			isa = PBXGroup;
			children = (
				488E841D2928C72D00567D2B /* App */,
				488E841F2928C74300567D2B /* Support */,
				488E841C2928C71F00567D2B /* Resources */,
				4807B4992928E1E0005497B0 /* Constant */,
				4807B4952928E17F005497B0 /* Manager */,
				488E841E2928C73800567D2B /* Scene */,
			);
			path = MovieApp;
			sourceTree = "<group>";
		};
		488E841C2928C71F00567D2B /* Resources */ = {
			isa = PBXGroup;
			children = (
				488E84112928C68300567D2B /* Assets.xcassets */,
			);
			path = Resources;
			sourceTree = "<group>";
		};
		488E841D2928C72D00567D2B /* App */ = {
			isa = PBXGroup;
			children = (
				48477ED9292B696800CF63C0 /* Firebase */,
				488E84052928C67B00567D2B /* AppDelegate.swift */,
				488E84072928C67B00567D2B /* SceneDelegate.swift */,
			);
			path = App;
			sourceTree = "<group>";
		};
		488E841E2928C73800567D2B /* Scene */ = {
			isa = PBXGroup;
			children = (
				484CB580292A6D6A00D37D19 /* Splash */,
				488E84132928C68300567D2B /* LaunchScreen.storyboard */,
				488E840B2928C67B00567D2B /* Main.storyboard */,
				488E84202928C75700567D2B /* Home */,
				488E84242928C7E600567D2B /* MovieDetail */,
			);
			path = Scene;
			sourceTree = "<group>";
		};
		488E841F2928C74300567D2B /* Support */ = {
			isa = PBXGroup;
			children = (
				488E84162928C68300567D2B /* Info.plist */,
				4888E4B6292A917A00C1EE7D /* GoogleService-Info.plist */,
			);
			path = Support;
			sourceTree = "<group>";
		};
		488E84202928C75700567D2B /* Home */ = {
			isa = PBXGroup;
			children = (
				488E84232928C7A700567D2B /* Model */,
				488E84222928C79F00567D2B /* View */,
				488E84212928C79600567D2B /* ViewModel */,
			);
			path = Home;
			sourceTree = "<group>";
		};
		488E84212928C79600567D2B /* ViewModel */ = {
			isa = PBXGroup;
			children = (
				4807B49F2928E2BD005497B0 /* HomeViewModel.swift */,
			);
			path = ViewModel;
			sourceTree = "<group>";
		};
		488E84222928C79F00567D2B /* View */ = {
			isa = PBXGroup;
			children = (
				488E844A2928D03500567D2B /* MovieTableViewCell */,
				488E84092928C67B00567D2B /* HomeViewController.swift */,
			);
			path = View;
			sourceTree = "<group>";
		};
		488E84232928C7A700567D2B /* Model */ = {
			isa = PBXGroup;
			children = (
				4807B4AA29292542005497B0 /* Entity */,
				4807B4A32928E2D6005497B0 /* HomeModel.swift */,
			);
			path = Model;
			sourceTree = "<group>";
		};
		488E84242928C7E600567D2B /* MovieDetail */ = {
			isa = PBXGroup;
			children = (
				4807B4AF29293624005497B0 /* MovieDetailViewController.swift */,
			);
			path = MovieDetail;
			sourceTree = "<group>";
		};
		488E844A2928D03500567D2B /* MovieTableViewCell */ = {
			isa = PBXGroup;
			children = (
				488E844F2928D76B00567D2B /* MovieTableViewCell.swift */,
				488E84502928D76B00567D2B /* MovieTableViewCell.xib */,
			);
			path = MovieTableViewCell;
			sourceTree = "<group>";
		};
/* End PBXGroup section */

/* Begin PBXNativeTarget section */
		488E84012928C67B00567D2B /* MovieApp */ = {
			isa = PBXNativeTarget;
			buildConfigurationList = 488E84192928C68300567D2B /* Build configuration list for PBXNativeTarget "MovieApp" */;
			buildPhases = (
				488E83FE2928C67B00567D2B /* Sources */,
				488E83FF2928C67B00567D2B /* Frameworks */,
				488E84002928C67B00567D2B /* Resources */,
			);
			buildRules = (
			);
			dependencies = (
			);
			name = MovieApp;
			packageProductDependencies = (
				4807B4A629290AAB005497B0 /* Alamofire */,
				4807B4AC29292C70005497B0 /* Kingfisher */,
				4888E4AE292A7ECD00C1EE7D /* FirebaseAnalytics */,
				4888E4B0292A7ECD00C1EE7D /* FirebaseMessaging */,
				4888E4B2292A7ECD00C1EE7D /* FirebaseRemoteConfig */,
				48477EDF292B805F00CF63C0 /* Lottie */,
				48477EE2292B98CA00CF63C0 /* Reachability */,
			);
			productName = MovieApp;
			productReference = 488E84022928C67B00567D2B /* MovieApp.app */;
			productType = "com.apple.product-type.application";
		};
/* End PBXNativeTarget section */

/* Begin PBXProject section */
		488E83FA2928C67A00567D2B /* Project object */ = {
			isa = PBXProject;
			attributes = {
				BuildIndependentTargetsInParallel = 1;
				LastSwiftUpdateCheck = 1320;
				LastUpgradeCheck = 1320;
				TargetAttributes = {
					488E84012928C67B00567D2B = {
						CreatedOnToolsVersion = 13.2.1;
					};
				};
			};
			buildConfigurationList = 488E83FD2928C67B00567D2B /* Build configuration list for PBXProject "MovieApp" */;
			compatibilityVersion = "Xcode 13.0";
			developmentRegion = en;
			hasScannedForEncodings = 0;
			knownRegions = (
				en,
				Base,
			);
			mainGroup = 488E83F92928C67A00567D2B;
			packageReferences = (
				4807B4A529290AAB005497B0 /* XCRemoteSwiftPackageReference "Alamofire" */,
				4807B4AB29292C70005497B0 /* XCRemoteSwiftPackageReference "Kingfisher" */,
				4888E4AD292A7ECD00C1EE7D /* XCRemoteSwiftPackageReference "firebase-ios-sdk" */,
				48477EDE292B805E00CF63C0 /* XCRemoteSwiftPackageReference "lottie-ios" */,
				48477EE1292B98C900CF63C0 /* XCRemoteSwiftPackageReference "Reachability.swift" */,
			);
			productRefGroup = 488E84032928C67B00567D2B /* Products */;
			projectDirPath = "";
			projectRoot = "";
			targets = (
				488E84012928C67B00567D2B /* MovieApp */,
			);
		};
/* End PBXProject section */

/* Begin PBXResourcesBuildPhase section */
		488E84002928C67B00567D2B /* Resources */ = {
			isa = PBXResourcesBuildPhase;
			buildActionMask = 2147483647;
			files = (
				488E84152928C68300567D2B /* LaunchScreen.storyboard in Resources */,
				488E84122928C68300567D2B /* Assets.xcassets in Resources */,
				4888E4B7292A917A00C1EE7D /* GoogleService-Info.plist in Resources */,
				488E84522928D76B00567D2B /* MovieTableViewCell.xib in Resources */,
				488E840D2928C67B00567D2B /* Main.storyboard in Resources */,
			);
			runOnlyForDeploymentPostprocessing = 0;
		};
/* End PBXResourcesBuildPhase section */

/* Begin PBXSourcesBuildPhase section */
		488E83FE2928C67B00567D2B /* Sources */ = {
			isa = PBXSourcesBuildPhase;
			buildActionMask = 2147483647;
			files = (
				484CB587292A6DCC00D37D19 /* SplashViewModel.swift in Sources */,
				488E84512928D76B00567D2B /* MovieTableViewCell.swift in Sources */,
				4807B4A929292537005497B0 /* MovieTableViewCellEntity.swift in Sources */,
				4807B4A22928E2CA005497B0 /* MovieEntity.swift in Sources */,
				4807B4A42928E2D6005497B0 /* HomeModel.swift in Sources */,
				4807B4B029293624005497B0 /* MovieDetailViewController.swift in Sources */,
				48477EDD292B72C600CF63C0 /* FirebaseManager.swift in Sources */,
				484CB582292A6D9700D37D19 /* SplashViewController.swift in Sources */,
				4807B4A02928E2BD005497B0 /* HomeViewModel.swift in Sources */,
				484CB589292A6DD800D37D19 /* SplashModel.swift in Sources */,
				488E840A2928C67B00567D2B /* HomeViewController.swift in Sources */,
				4888E4B9292ABE4500C1EE7D /* NetworkManager.swift in Sources */,
				488E84062928C67B00567D2B /* AppDelegate.swift in Sources */,
				4807B49E2928E257005497B0 /* Constant.swift in Sources */,
				488E84082928C67B00567D2B /* SceneDelegate.swift in Sources */,
				48477EDB292B698C00CF63C0 /* PushNotification.swift in Sources */,
				4807B4982928E1D0005497B0 /* ServiceManager.swift in Sources */,
				4807B49C2928E1FC005497B0 /* ServiceConstant.swift in Sources */,
			);
			runOnlyForDeploymentPostprocessing = 0;
		};
/* End PBXSourcesBuildPhase section */

/* Begin PBXVariantGroup section */
		488E840B2928C67B00567D2B /* Main.storyboard */ = {
			isa = PBXVariantGroup;
			children = (
				488E840C2928C67B00567D2B /* Base */,
			);
			name = Main.storyboard;
			sourceTree = "<group>";
		};
		488E84132928C68300567D2B /* LaunchScreen.storyboard */ = {
			isa = PBXVariantGroup;
			children = (
				488E84142928C68300567D2B /* Base */,
			);
			name = LaunchScreen.storyboard;
			sourceTree = "<group>";
		};
/* End PBXVariantGroup section */

/* Begin XCBuildConfiguration section */
		488E84172928C68300567D2B /* Debug */ = {
			isa = XCBuildConfiguration;
			buildSettings = {
				ALWAYS_SEARCH_USER_PATHS = NO;
				CLANG_ANALYZER_NONNULL = YES;
				CLANG_ANALYZER_NUMBER_OBJECT_CONVERSION = YES_AGGRESSIVE;
				CLANG_CXX_LANGUAGE_STANDARD = "gnu++17";
				CLANG_CXX_LIBRARY = "libc++";
				CLANG_ENABLE_MODULES = YES;
				CLANG_ENABLE_OBJC_ARC = YES;
				CLANG_ENABLE_OBJC_WEAK = YES;
				CLANG_WARN_BLOCK_CAPTURE_AUTORELEASING = YES;
				CLANG_WARN_BOOL_CONVERSION = YES;
				CLANG_WARN_COMMA = YES;
				CLANG_WARN_CONSTANT_CONVERSION = YES;
				CLANG_WARN_DEPRECATED_OBJC_IMPLEMENTATIONS = YES;
				CLANG_WARN_DIRECT_OBJC_ISA_USAGE = YES_ERROR;
				CLANG_WARN_DOCUMENTATION_COMMENTS = YES;
				CLANG_WARN_EMPTY_BODY = YES;
				CLANG_WARN_ENUM_CONVERSION = YES;
				CLANG_WARN_INFINITE_RECURSION = YES;
				CLANG_WARN_INT_CONVERSION = YES;
				CLANG_WARN_NON_LITERAL_NULL_CONVERSION = YES;
				CLANG_WARN_OBJC_IMPLICIT_RETAIN_SELF = YES;
				CLANG_WARN_OBJC_LITERAL_CONVERSION = YES;
				CLANG_WARN_OBJC_ROOT_CLASS = YES_ERROR;
				CLANG_WARN_QUOTED_INCLUDE_IN_FRAMEWORK_HEADER = YES;
				CLANG_WARN_RANGE_LOOP_ANALYSIS = YES;
				CLANG_WARN_STRICT_PROTOTYPES = YES;
				CLANG_WARN_SUSPICIOUS_MOVE = YES;
				CLANG_WARN_UNGUARDED_AVAILABILITY = YES_AGGRESSIVE;
				CLANG_WARN_UNREACHABLE_CODE = YES;
				CLANG_WARN__DUPLICATE_METHOD_MATCH = YES;
				COPY_PHASE_STRIP = NO;
				DEBUG_INFORMATION_FORMAT = dwarf;
				ENABLE_STRICT_OBJC_MSGSEND = YES;
				ENABLE_TESTABILITY = YES;
				GCC_C_LANGUAGE_STANDARD = gnu11;
				GCC_DYNAMIC_NO_PIC = NO;
				GCC_NO_COMMON_BLOCKS = YES;
				GCC_OPTIMIZATION_LEVEL = 0;
				GCC_PREPROCESSOR_DEFINITIONS = (
					"DEBUG=1",
					"$(inherited)",
				);
				GCC_WARN_64_TO_32_BIT_CONVERSION = YES;
				GCC_WARN_ABOUT_RETURN_TYPE = YES_ERROR;
				GCC_WARN_UNDECLARED_SELECTOR = YES;
				GCC_WARN_UNINITIALIZED_AUTOS = YES_AGGRESSIVE;
				GCC_WARN_UNUSED_FUNCTION = YES;
				GCC_WARN_UNUSED_VARIABLE = YES;
				IPHONEOS_DEPLOYMENT_TARGET = 15.2;
				MTL_ENABLE_DEBUG_INFO = INCLUDE_SOURCE;
				MTL_FAST_MATH = YES;
				ONLY_ACTIVE_ARCH = YES;
				SDKROOT = iphoneos;
				SWIFT_ACTIVE_COMPILATION_CONDITIONS = DEBUG;
				SWIFT_OPTIMIZATION_LEVEL = "-Onone";
			};
			name = Debug;
		};
		488E84182928C68300567D2B /* Release */ = {
			isa = XCBuildConfiguration;
			buildSettings = {
				ALWAYS_SEARCH_USER_PATHS = NO;
				CLANG_ANALYZER_NONNULL = YES;
				CLANG_ANALYZER_NUMBER_OBJECT_CONVERSION = YES_AGGRESSIVE;
				CLANG_CXX_LANGUAGE_STANDARD = "gnu++17";
				CLANG_CXX_LIBRARY = "libc++";
				CLANG_ENABLE_MODULES = YES;
				CLANG_ENABLE_OBJC_ARC = YES;
				CLANG_ENABLE_OBJC_WEAK = YES;
				CLANG_WARN_BLOCK_CAPTURE_AUTORELEASING = YES;
				CLANG_WARN_BOOL_CONVERSION = YES;
				CLANG_WARN_COMMA = YES;
				CLANG_WARN_CONSTANT_CONVERSION = YES;
				CLANG_WARN_DEPRECATED_OBJC_IMPLEMENTATIONS = YES;
				CLANG_WARN_DIRECT_OBJC_ISA_USAGE = YES_ERROR;
				CLANG_WARN_DOCUMENTATION_COMMENTS = YES;
				CLANG_WARN_EMPTY_BODY = YES;
				CLANG_WARN_ENUM_CONVERSION = YES;
				CLANG_WARN_INFINITE_RECURSION = YES;
				CLANG_WARN_INT_CONVERSION = YES;
				CLANG_WARN_NON_LITERAL_NULL_CONVERSION = YES;
				CLANG_WARN_OBJC_IMPLICIT_RETAIN_SELF = YES;
				CLANG_WARN_OBJC_LITERAL_CONVERSION = YES;
				CLANG_WARN_OBJC_ROOT_CLASS = YES_ERROR;
				CLANG_WARN_QUOTED_INCLUDE_IN_FRAMEWORK_HEADER = YES;
				CLANG_WARN_RANGE_LOOP_ANALYSIS = YES;
				CLANG_WARN_STRICT_PROTOTYPES = YES;
				CLANG_WARN_SUSPICIOUS_MOVE = YES;
				CLANG_WARN_UNGUARDED_AVAILABILITY = YES_AGGRESSIVE;
				CLANG_WARN_UNREACHABLE_CODE = YES;
				CLANG_WARN__DUPLICATE_METHOD_MATCH = YES;
				COPY_PHASE_STRIP = NO;
				DEBUG_INFORMATION_FORMAT = "dwarf-with-dsym";
				ENABLE_NS_ASSERTIONS = NO;
				ENABLE_STRICT_OBJC_MSGSEND = YES;
				GCC_C_LANGUAGE_STANDARD = gnu11;
				GCC_NO_COMMON_BLOCKS = YES;
				GCC_WARN_64_TO_32_BIT_CONVERSION = YES;
				GCC_WARN_ABOUT_RETURN_TYPE = YES_ERROR;
				GCC_WARN_UNDECLARED_SELECTOR = YES;
				GCC_WARN_UNINITIALIZED_AUTOS = YES_AGGRESSIVE;
				GCC_WARN_UNUSED_FUNCTION = YES;
				GCC_WARN_UNUSED_VARIABLE = YES;
				IPHONEOS_DEPLOYMENT_TARGET = 15.2;
				MTL_ENABLE_DEBUG_INFO = NO;
				MTL_FAST_MATH = YES;
				SDKROOT = iphoneos;
				SWIFT_COMPILATION_MODE = wholemodule;
				SWIFT_OPTIMIZATION_LEVEL = "-O";
				VALIDATE_PRODUCT = YES;
			};
			name = Release;
		};
		488E841A2928C68300567D2B /* Debug */ = {
			isa = XCBuildConfiguration;
			buildSettings = {
				ASSETCATALOG_COMPILER_APPICON_NAME = AppIcon;
				ASSETCATALOG_COMPILER_GLOBAL_ACCENT_COLOR_NAME = AccentColor;
				CODE_SIGN_STYLE = Automatic;
				CURRENT_PROJECT_VERSION = 1;
				DEVELOPMENT_TEAM = FPYTGW2S6P;
				GENERATE_INFOPLIST_FILE = YES;
				INFOPLIST_FILE = MovieApp/Support/Info.plist;
				INFOPLIST_KEY_UIApplicationSupportsIndirectInputEvents = YES;
				INFOPLIST_KEY_UILaunchStoryboardName = LaunchScreen;
				INFOPLIST_KEY_UIMainStoryboardFile = Main;
				INFOPLIST_KEY_UISupportedInterfaceOrientations_iPad = "UIInterfaceOrientationPortrait UIInterfaceOrientationPortraitUpsideDown UIInterfaceOrientationLandscapeLeft UIInterfaceOrientationLandscapeRight";
				INFOPLIST_KEY_UISupportedInterfaceOrientations_iPhone = "UIInterfaceOrientationPortrait UIInterfaceOrientationLandscapeLeft UIInterfaceOrientationLandscapeRight";
				LD_RUNPATH_SEARCH_PATHS = (
					"$(inherited)",
					"@executable_path/Frameworks",
				);
				MARKETING_VERSION = 1.0;
				PRODUCT_BUNDLE_IDENTIFIER = ahmetozkanio.MovieApp;
				PRODUCT_NAME = "$(TARGET_NAME)";
				SWIFT_EMIT_LOC_STRINGS = YES;
				SWIFT_VERSION = 5.0;
				TARGETED_DEVICE_FAMILY = "1,2";
			};
			name = Debug;
		};
		488E841B2928C68300567D2B /* Release */ = {
			isa = XCBuildConfiguration;
			buildSettings = {
				ASSETCATALOG_COMPILER_APPICON_NAME = AppIcon;
				ASSETCATALOG_COMPILER_GLOBAL_ACCENT_COLOR_NAME = AccentColor;
				CODE_SIGN_STYLE = Automatic;
				CURRENT_PROJECT_VERSION = 1;
				DEVELOPMENT_TEAM = FPYTGW2S6P;
				GENERATE_INFOPLIST_FILE = YES;
				INFOPLIST_FILE = MovieApp/Support/Info.plist;
				INFOPLIST_KEY_UIApplicationSupportsIndirectInputEvents = YES;
				INFOPLIST_KEY_UILaunchStoryboardName = LaunchScreen;
				INFOPLIST_KEY_UIMainStoryboardFile = Main;
				INFOPLIST_KEY_UISupportedInterfaceOrientations_iPad = "UIInterfaceOrientationPortrait UIInterfaceOrientationPortraitUpsideDown UIInterfaceOrientationLandscapeLeft UIInterfaceOrientationLandscapeRight";
				INFOPLIST_KEY_UISupportedInterfaceOrientations_iPhone = "UIInterfaceOrientationPortrait UIInterfaceOrientationLandscapeLeft UIInterfaceOrientationLandscapeRight";
				LD_RUNPATH_SEARCH_PATHS = (
					"$(inherited)",
					"@executable_path/Frameworks",
				);
				MARKETING_VERSION = 1.0;
				PRODUCT_BUNDLE_IDENTIFIER = ahmetozkanio.MovieApp;
				PRODUCT_NAME = "$(TARGET_NAME)";
				SWIFT_EMIT_LOC_STRINGS = YES;
				SWIFT_VERSION = 5.0;
				TARGETED_DEVICE_FAMILY = "1,2";
			};
			name = Release;
		};
/* End XCBuildConfiguration section */

/* Begin XCConfigurationList section */
		488E83FD2928C67B00567D2B /* Build configuration list for PBXProject "MovieApp" */ = {
			isa = XCConfigurationList;
			buildConfigurations = (
				488E84172928C68300567D2B /* Debug */,
				488E84182928C68300567D2B /* Release */,
			);
			defaultConfigurationIsVisible = 0;
			defaultConfigurationName = Release;
		};
		488E84192928C68300567D2B /* Build configuration list for PBXNativeTarget "MovieApp" */ = {
			isa = XCConfigurationList;
			buildConfigurations = (
				488E841A2928C68300567D2B /* Debug */,
				488E841B2928C68300567D2B /* Release */,
			);
			defaultConfigurationIsVisible = 0;
			defaultConfigurationName = Release;
		};
/* End XCConfigurationList section */

/* Begin XCRemoteSwiftPackageReference section */
		4807B4A529290AAB005497B0 /* XCRemoteSwiftPackageReference "Alamofire" */ = {
			isa = XCRemoteSwiftPackageReference;
			repositoryURL = "https://github.com/Alamofire/Alamofire";
			requirement = {
				kind = upToNextMajorVersion;
				minimumVersion = 5.0.0;
			};
		};
		4807B4AB29292C70005497B0 /* XCRemoteSwiftPackageReference "Kingfisher" */ = {
			isa = XCRemoteSwiftPackageReference;
			repositoryURL = "https://github.com/onevcat/Kingfisher";
			requirement = {
				kind = upToNextMajorVersion;
				minimumVersion = 7.0.0;
			};
		};
		48477EDE292B805E00CF63C0 /* XCRemoteSwiftPackageReference "lottie-ios" */ = {
			isa = XCRemoteSwiftPackageReference;
			repositoryURL = "https://github.com/airbnb/lottie-ios";
			requirement = {
				kind = exactVersion;
				version = 3.4.3;
			};
		};
		48477EE1292B98C900CF63C0 /* XCRemoteSwiftPackageReference "Reachability.swift" */ = {
			isa = XCRemoteSwiftPackageReference;
			repositoryURL = "https://github.com/ashleymills/Reachability.swift.git";
			requirement = {
				branch = master;
				kind = branch;
			};
		};
		4888E4AD292A7ECD00C1EE7D /* XCRemoteSwiftPackageReference "firebase-ios-sdk" */ = {
			isa = XCRemoteSwiftPackageReference;
			repositoryURL = "https://github.com/firebase/firebase-ios-sdk";
			requirement = {
				kind = exactVersion;
				version = 8.8.0;
			};
		};
/* End XCRemoteSwiftPackageReference section */

/* Begin XCSwiftPackageProductDependency section */
		4807B4A629290AAB005497B0 /* Alamofire */ = {
			isa = XCSwiftPackageProductDependency;
			package = 4807B4A529290AAB005497B0 /* XCRemoteSwiftPackageReference "Alamofire" */;
			productName = Alamofire;
		};
		4807B4AC29292C70005497B0 /* Kingfisher */ = {
			isa = XCSwiftPackageProductDependency;
			package = 4807B4AB29292C70005497B0 /* XCRemoteSwiftPackageReference "Kingfisher" */;
			productName = Kingfisher;
		};
		48477EDF292B805F00CF63C0 /* Lottie */ = {
			isa = XCSwiftPackageProductDependency;
			package = 48477EDE292B805E00CF63C0 /* XCRemoteSwiftPackageReference "lottie-ios" */;
			productName = Lottie;
		};
		48477EE2292B98CA00CF63C0 /* Reachability */ = {
			isa = XCSwiftPackageProductDependency;
			package = 48477EE1292B98C900CF63C0 /* XCRemoteSwiftPackageReference "Reachability.swift" */;
			productName = Reachability;
		};
		4888E4AE292A7ECD00C1EE7D /* FirebaseAnalytics */ = {
			isa = XCSwiftPackageProductDependency;
			package = 4888E4AD292A7ECD00C1EE7D /* XCRemoteSwiftPackageReference "firebase-ios-sdk" */;
			productName = FirebaseAnalytics;
		};
		4888E4B0292A7ECD00C1EE7D /* FirebaseMessaging */ = {
			isa = XCSwiftPackageProductDependency;
			package = 4888E4AD292A7ECD00C1EE7D /* XCRemoteSwiftPackageReference "firebase-ios-sdk" */;
			productName = FirebaseMessaging;
		};
		4888E4B2292A7ECD00C1EE7D /* FirebaseRemoteConfig */ = {
			isa = XCSwiftPackageProductDependency;
			package = 4888E4AD292A7ECD00C1EE7D /* XCRemoteSwiftPackageReference "firebase-ios-sdk" */;
			productName = FirebaseRemoteConfig;
		};
/* End XCSwiftPackageProductDependency section */
	};
	rootObject = 488E83FA2928C67A00567D2B /* Project object */;
}
